// !$*UTF8*$!
{
	archiveVersion = 1;
	classes = {
	};
	objectVersion = 50;
	objects = {

/* Begin PBXBuildFile section */
		038B182523DF7A4F00E22644 /* AppDelegate.swift in Sources */ = {isa = PBXBuildFile; fileRef = 038B182423DF7A4F00E22644 /* AppDelegate.swift */; };
		038B182723DF7A4F00E22644 /* SceneDelegate.swift in Sources */ = {isa = PBXBuildFile; fileRef = 038B182623DF7A4F00E22644 /* SceneDelegate.swift */; };
		038B182A23DF7A5000E22644 /* test.xcdatamodeld in Sources */ = {isa = PBXBuildFile; fileRef = 038B182823DF7A5000E22644 /* test.xcdatamodeld */; };
		038B182C23DF7A5000E22644 /* ContentView.swift in Sources */ = {isa = PBXBuildFile; fileRef = 038B182B23DF7A5000E22644 /* ContentView.swift */; };
		038B182E23DF7A5100E22644 /* Assets.xcassets in Resources */ = {isa = PBXBuildFile; fileRef = 038B182D23DF7A5100E22644 /* Assets.xcassets */; };
		038B183123DF7A5100E22644 /* Preview Assets.xcassets in Resources */ = {isa = PBXBuildFile; fileRef = 038B183023DF7A5100E22644 /* Preview Assets.xcassets */; };
		038B183423DF7A5100E22644 /* LaunchScreen.storyboard in Resources */ = {isa = PBXBuildFile; fileRef = 038B183223DF7A5100E22644 /* LaunchScreen.storyboard */; };
		038B185823DFA9AB00E22644 /* TabIconsView.swift in Sources */ = {isa = PBXBuildFile; fileRef = 038B185723DFA9AB00E22644 /* TabIconsView.swift */; };
		038B185A23DFA9F300E22644 /* NowPlayingView.swift in Sources */ = {isa = PBXBuildFile; fileRef = 038B185923DFA9F300E22644 /* NowPlayingView.swift */; };
		038B185C23DFAA6700E22644 /* SongListView.swift in Sources */ = {isa = PBXBuildFile; fileRef = 038B185B23DFAA6700E22644 /* SongListView.swift */; };
		038B185E23DFAB1000E22644 /* InfoPaneView.swift in Sources */ = {isa = PBXBuildFile; fileRef = 038B185D23DFAB1000E22644 /* InfoPaneView.swift */; };
		038B186023DFAB3A00E22644 /* VisualEffectView.swift in Sources */ = {isa = PBXBuildFile; fileRef = 038B185F23DFAB3A00E22644 /* VisualEffectView.swift */; };
/* End PBXBuildFile section */

/* Begin PBXFileReference section */
		038B182123DF7A4F00E22644 /* NowPlaying.app */ = {isa = PBXFileReference; explicitFileType = wrapper.application; includeInIndex = 0; path = NowPlaying.app; sourceTree = BUILT_PRODUCTS_DIR; };
		038B182423DF7A4F00E22644 /* AppDelegate.swift */ = {isa = PBXFileReference; lastKnownFileType = sourcecode.swift; path = AppDelegate.swift; sourceTree = "<group>"; };
		038B182623DF7A4F00E22644 /* SceneDelegate.swift */ = {isa = PBXFileReference; lastKnownFileType = sourcecode.swift; path = SceneDelegate.swift; sourceTree = "<group>"; };
		038B182923DF7A5000E22644 /* test.xcdatamodel */ = {isa = PBXFileReference; lastKnownFileType = wrapper.xcdatamodel; path = test.xcdatamodel; sourceTree = "<group>"; };
		038B182B23DF7A5000E22644 /* ContentView.swift */ = {isa = PBXFileReference; lastKnownFileType = sourcecode.swift; path = ContentView.swift; sourceTree = "<group>"; };
		038B182D23DF7A5100E22644 /* Assets.xcassets */ = {isa = PBXFileReference; lastKnownFileType = folder.assetcatalog; path = Assets.xcassets; sourceTree = "<group>"; };
		038B183023DF7A5100E22644 /* Preview Assets.xcassets */ = {isa = PBXFileReference; lastKnownFileType = folder.assetcatalog; path = "Preview Assets.xcassets"; sourceTree = "<group>"; };
		038B183323DF7A5100E22644 /* Base */ = {isa = PBXFileReference; lastKnownFileType = file.storyboard; name = Base; path = Base.lproj/LaunchScreen.storyboard; sourceTree = "<group>"; };
		038B183523DF7A5100E22644 /* Info.plist */ = {isa = PBXFileReference; lastKnownFileType = text.plist.xml; path = Info.plist; sourceTree = "<group>"; };
		038B185723DFA9AB00E22644 /* TabIconsView.swift */ = {isa = PBXFileReference; lastKnownFileType = sourcecode.swift; path = TabIconsView.swift; sourceTree = "<group>"; };
		038B185923DFA9F300E22644 /* NowPlayingView.swift */ = {isa = PBXFileReference; lastKnownFileType = sourcecode.swift; path = NowPlayingView.swift; sourceTree = "<group>"; };
		038B185B23DFAA6700E22644 /* SongListView.swift */ = {isa = PBXFileReference; lastKnownFileType = sourcecode.swift; path = SongListView.swift; sourceTree = "<group>"; };
		038B185D23DFAB1000E22644 /* InfoPaneView.swift */ = {isa = PBXFileReference; lastKnownFileType = sourcecode.swift; path = InfoPaneView.swift; sourceTree = "<group>"; };
		038B185F23DFAB3A00E22644 /* VisualEffectView.swift */ = {isa = PBXFileReference; lastKnownFileType = sourcecode.swift; path = VisualEffectView.swift; sourceTree = "<group>"; };
/* End PBXFileReference section */

/* Begin PBXFrameworksBuildPhase section */
		038B181E23DF7A4F00E22644 /* Frameworks */ = {
			isa = PBXFrameworksBuildPhase;
			buildActionMask = 2147483647;
			files = (
			);
			runOnlyForDeploymentPostprocessing = 0;
		};
/* End PBXFrameworksBuildPhase section */

/* Begin PBXGroup section */
		038B181823DF7A4F00E22644 = {
			isa = PBXGroup;
			children = (
				038B182323DF7A4F00E22644 /* NowPlaying */,
				038B182223DF7A4F00E22644 /* Products */,
			);
			sourceTree = "<group>";
		};
		038B182223DF7A4F00E22644 /* Products */ = {
			isa = PBXGroup;
			children = (
				038B182123DF7A4F00E22644 /* NowPlaying.app */,
			);
			name = Products;
			sourceTree = "<group>";
		};
		038B182323DF7A4F00E22644 /* NowPlaying */ = {
			isa = PBXGroup;
			children = (
				038B182423DF7A4F00E22644 /* AppDelegate.swift */,
				038B182623DF7A4F00E22644 /* SceneDelegate.swift */,
				038B182B23DF7A5000E22644 /* ContentView.swift */,
				038B182D23DF7A5100E22644 /* Assets.xcassets */,
				038B183223DF7A5100E22644 /* LaunchScreen.storyboard */,
				038B183523DF7A5100E22644 /* Info.plist */,
				038B182823DF7A5000E22644 /* test.xcdatamodeld */,
				038B182F23DF7A5100E22644 /* Preview Content */,
				038B185723DFA9AB00E22644 /* TabIconsView.swift */,
				038B185923DFA9F300E22644 /* NowPlayingView.swift */,
				038B185B23DFAA6700E22644 /* SongListView.swift */,
				038B185D23DFAB1000E22644 /* InfoPaneView.swift */,
				038B185F23DFAB3A00E22644 /* VisualEffectView.swift */,
			);
			path = NowPlaying;
			sourceTree = "<group>";
		};
		038B182F23DF7A5100E22644 /* Preview Content */ = {
			isa = PBXGroup;
			children = (
				038B183023DF7A5100E22644 /* Preview Assets.xcassets */,
			);
			path = "Preview Content";
			sourceTree = "<group>";
		};
/* End PBXGroup section */

/* Begin PBXNativeTarget section */
		038B182023DF7A4F00E22644 /* NowPlaying */ = {
			isa = PBXNativeTarget;
			buildConfigurationList = 038B184E23DF7A5100E22644 /* Build configuration list for PBXNativeTarget "NowPlaying" */;
			buildPhases = (
				038B181D23DF7A4F00E22644 /* Sources */,
				038B181E23DF7A4F00E22644 /* Frameworks */,
				038B181F23DF7A4F00E22644 /* Resources */,
			);
			buildRules = (
			);
			dependencies = (
			);
			name = NowPlaying;
			productName = test;
			productReference = 038B182123DF7A4F00E22644 /* NowPlaying.app */;
			productType = "com.apple.product-type.application";
		};
/* End PBXNativeTarget section */

/* Begin PBXProject section */
		038B181923DF7A4F00E22644 /* Project object */ = {
			isa = PBXProject;
			attributes = {
				LastSwiftUpdateCheck = 1130;
				LastUpgradeCheck = 1130;
				ORGANIZATIONNAME = "Duane Bester";
				TargetAttributes = {
					038B182023DF7A4F00E22644 = {
						CreatedOnToolsVersion = 11.3.1;
					};
				};
			};
			buildConfigurationList = 038B181C23DF7A4F00E22644 /* Build configuration list for PBXProject "NowPlaying" */;
			compatibilityVersion = "Xcode 9.3";
			developmentRegion = en;
			hasScannedForEncodings = 0;
			knownRegions = (
				en,
				Base,
			);
			mainGroup = 038B181823DF7A4F00E22644;
			productRefGroup = 038B182223DF7A4F00E22644 /* Products */;
			projectDirPath = "";
			projectRoot = "";
			targets = (
				038B182023DF7A4F00E22644 /* NowPlaying */,
			);
		};
/* End PBXProject section */

/* Begin PBXResourcesBuildPhase section */
		038B181F23DF7A4F00E22644 /* Resources */ = {
			isa = PBXResourcesBuildPhase;
			buildActionMask = 2147483647;
			files = (
				038B183423DF7A5100E22644 /* LaunchScreen.storyboard in Resources */,
				038B183123DF7A5100E22644 /* Preview Assets.xcassets in Resources */,
				038B182E23DF7A5100E22644 /* Assets.xcassets in Resources */,
			);
			runOnlyForDeploymentPostprocessing = 0;
		};
/* End PBXResourcesBuildPhase section */

/* Begin PBXSourcesBuildPhase section */
		038B181D23DF7A4F00E22644 /* Sources */ = {
			isa = PBXSourcesBuildPhase;
			buildActionMask = 2147483647;
			files = (
				038B185E23DFAB1000E22644 /* InfoPaneView.swift in Sources */,
				038B185A23DFA9F300E22644 /* NowPlayingView.swift in Sources */,
				038B185823DFA9AB00E22644 /* TabIconsView.swift in Sources */,
				038B182523DF7A4F00E22644 /* AppDelegate.swift in Sources */,
				038B182723DF7A4F00E22644 /* SceneDelegate.swift in Sources */,
				038B186023DFAB3A00E22644 /* VisualEffectView.swift in Sources */,
				038B182C23DF7A5000E22644 /* ContentView.swift in Sources */,
				038B185C23DFAA6700E22644 /* SongListView.swift in Sources */,
				038B182A23DF7A5000E22644 /* test.xcdatamodeld in Sources */,
			);
			runOnlyForDeploymentPostprocessing = 0;
		};
/* End PBXSourcesBuildPhase section */

/* Begin PBXVariantGroup section */
		038B183223DF7A5100E22644 /* LaunchScreen.storyboard */ = {
			isa = PBXVariantGroup;
			children = (
				038B183323DF7A5100E22644 /* Base */,
			);
			name = LaunchScreen.storyboard;
			sourceTree = "<group>";
		};
/* End PBXVariantGroup section */

/* Begin XCBuildConfiguration section */
		038B184C23DF7A5100E22644 /* Debug */ = {
			isa = XCBuildConfiguration;
			buildSettings = {
				ALWAYS_SEARCH_USER_PATHS = NO;
				CLANG_ANALYZER_NONNULL = YES;
				CLANG_ANALYZER_NUMBER_OBJECT_CONVERSION = YES_AGGRESSIVE;
				CLANG_CXX_LANGUAGE_STANDARD = "gnu++14";
				CLANG_CXX_LIBRARY = "libc++";
				CLANG_ENABLE_MODULES = YES;
				CLANG_ENABLE_OBJC_ARC = YES;
				CLANG_ENABLE_OBJC_WEAK = YES;
				CLANG_WARN_BLOCK_CAPTURE_AUTORELEASING = YES;
				CLANG_WARN_BOOL_CONVERSION = YES;
				CLANG_WARN_COMMA = YES;
				CLANG_WARN_CONSTANT_CONVERSION = YES;
				CLANG_WARN_DEPRECATED_OBJC_IMPLEMENTATIONS = YES;
				CLANG_WARN_DIRECT_OBJC_ISA_USAGE = YES_ERROR;
				CLANG_WARN_DOCUMENTATION_COMMENTS = YES;
				CLANG_WARN_EMPTY_BODY = YES;
				CLANG_WARN_ENUM_CONVERSION = YES;
				CLANG_WARN_INFINITE_RECURSION = YES;
				CLANG_WARN_INT_CONVERSION = YES;
				CLANG_WARN_NON_LITERAL_NULL_CONVERSION = YES;
				CLANG_WARN_OBJC_IMPLICIT_RETAIN_SELF = YES;
				CLANG_WARN_OBJC_LITERAL_CONVERSION = YES;
				CLANG_WARN_OBJC_ROOT_CLASS = YES_ERROR;
				CLANG_WARN_RANGE_LOOP_ANALYSIS = YES;
				CLANG_WARN_STRICT_PROTOTYPES = YES;
				CLANG_WARN_SUSPICIOUS_MOVE = YES;
				CLANG_WARN_UNGUARDED_AVAILABILITY = YES_AGGRESSIVE;
				CLANG_WARN_UNREACHABLE_CODE = YES;
				CLANG_WARN__DUPLICATE_METHOD_MATCH = YES;
				COPY_PHASE_STRIP = NO;
				DEBUG_INFORMATION_FORMAT = dwarf;
				ENABLE_STRICT_OBJC_MSGSEND = YES;
				ENABLE_TESTABILITY = YES;
				GCC_C_LANGUAGE_STANDARD = gnu11;
				GCC_DYNAMIC_NO_PIC = NO;
				GCC_NO_COMMON_BLOCKS = YES;
				GCC_OPTIMIZATION_LEVEL = 0;
				GCC_PREPROCESSOR_DEFINITIONS = (
					"DEBUG=1",
					"$(inherited)",
				);
				GCC_WARN_64_TO_32_BIT_CONVERSION = YES;
				GCC_WARN_ABOUT_RETURN_TYPE = YES_ERROR;
				GCC_WARN_UNDECLARED_SELECTOR = YES;
				GCC_WARN_UNINITIALIZED_AUTOS = YES_AGGRESSIVE;
				GCC_WARN_UNUSED_FUNCTION = YES;
				GCC_WARN_UNUSED_VARIABLE = YES;
				IPHONEOS_DEPLOYMENT_TARGET = 13.2;
				MTL_ENABLE_DEBUG_INFO = INCLUDE_SOURCE;
				MTL_FAST_MATH = YES;
				ONLY_ACTIVE_ARCH = YES;
				SDKROOT = iphoneos;
				SWIFT_ACTIVE_COMPILATION_CONDITIONS = DEBUG;
				SWIFT_OPTIMIZATION_LEVEL = "-Onone";
			};
			name = Debug;
		};
		038B184D23DF7A5100E22644 /* Release */ = {
			isa = XCBuildConfiguration;
			buildSettings = {
				ALWAYS_SEARCH_USER_PATHS = NO;
				CLANG_ANALYZER_NONNULL = YES;
				CLANG_ANALYZER_NUMBER_OBJECT_CONVERSION = YES_AGGRESSIVE;
				CLANG_CXX_LANGUAGE_STANDARD = "gnu++14";
				CLANG_CXX_LIBRARY = "libc++";
				CLANG_ENABLE_MODULES = YES;
				CLANG_ENABLE_OBJC_ARC = YES;
				CLANG_ENABLE_OBJC_WEAK = YES;
				CLANG_WARN_BLOCK_CAPTURE_AUTORELEASING = YES;
				CLANG_WARN_BOOL_CONVERSION = YES;
				CLANG_WARN_COMMA = YES;
				CLANG_WARN_CONSTANT_CONVERSION = YES;
				CLANG_WARN_DEPRECATED_OBJC_IMPLEMENTATIONS = YES;
				CLANG_WARN_DIRECT_OBJC_ISA_USAGE = YES_ERROR;
				CLANG_WARN_DOCUMENTATION_COMMENTS = YES;
				CLANG_WARN_EMPTY_BODY = YES;
				CLANG_WARN_ENUM_CONVERSION = YES;
				CLANG_WARN_INFINITE_RECURSION = YES;
				CLANG_WARN_INT_CONVERSION = YES;
				CLANG_WARN_NON_LITERAL_NULL_CONVERSION = YES;
				CLANG_WARN_OBJC_IMPLICIT_RETAIN_SELF = YES;
				CLANG_WARN_OBJC_LITERAL_CONVERSION = YES;
				CLANG_WARN_OBJC_ROOT_CLASS = YES_ERROR;
				CLANG_WARN_RANGE_LOOP_ANALYSIS = YES;
				CLANG_WARN_STRICT_PROTOTYPES = YES;
				CLANG_WARN_SUSPICIOUS_MOVE = YES;
				CLANG_WARN_UNGUARDED_AVAILABILITY = YES_AGGRESSIVE;
				CLANG_WARN_UNREACHABLE_CODE = YES;
				CLANG_WARN__DUPLICATE_METHOD_MATCH = YES;
				COPY_PHASE_STRIP = NO;
				DEBUG_INFORMATION_FORMAT = "dwarf-with-dsym";
				ENABLE_NS_ASSERTIONS = NO;
				ENABLE_STRICT_OBJC_MSGSEND = YES;
				GCC_C_LANGUAGE_STANDARD = gnu11;
				GCC_NO_COMMON_BLOCKS = YES;
				GCC_WARN_64_TO_32_BIT_CONVERSION = YES;
				GCC_WARN_ABOUT_RETURN_TYPE = YES_ERROR;
				GCC_WARN_UNDECLARED_SELECTOR = YES;
				GCC_WARN_UNINITIALIZED_AUTOS = YES_AGGRESSIVE;
				GCC_WARN_UNUSED_FUNCTION = YES;
				GCC_WARN_UNUSED_VARIABLE = YES;
				IPHONEOS_DEPLOYMENT_TARGET = 13.2;
				MTL_ENABLE_DEBUG_INFO = NO;
				MTL_FAST_MATH = YES;
				SDKROOT = iphoneos;
				SWIFT_COMPILATION_MODE = wholemodule;
				SWIFT_OPTIMIZATION_LEVEL = "-O";
				VALIDATE_PRODUCT = YES;
			};
			name = Release;
		};
		038B184F23DF7A5100E22644 /* Debug */ = {
			isa = XCBuildConfiguration;
			buildSettings = {
				ASSETCATALOG_COMPILER_APPICON_NAME = AppIcon;
				CODE_SIGN_STYLE = Automatic;
				DEVELOPMENT_ASSET_PATHS = "\"NowPlaying/Preview Content\"";
				ENABLE_PREVIEWS = YES;
				INFOPLIST_FILE = NowPlaying/Info.plist;
				LD_RUNPATH_SEARCH_PATHS = (
					"$(inherited)",
					"@executable_path/Frameworks",
				);
				PRODUCT_BUNDLE_IDENTIFIER = test.test;
				PRODUCT_NAME = NowPlaying;
				SWIFT_VERSION = 5.0;
				TARGETED_DEVICE_FAMILY = "1,2";
			};
			name = Debug;
		};
		038B185023DF7A5100E22644 /* Release */ = {
			isa = XCBuildConfiguration;
			buildSettings = {
				ASSETCATALOG_COMPILER_APPICON_NAME = AppIcon;
				CODE_SIGN_STYLE = Automatic;
				DEVELOPMENT_ASSET_PATHS = "\"NowPlaying/Preview Content\"";
				ENABLE_PREVIEWS = YES;
				INFOPLIST_FILE = NowPlaying/Info.plist;
				LD_RUNPATH_SEARCH_PATHS = (
					"$(inherited)",
					"@executable_path/Frameworks",
				);
				PRODUCT_BUNDLE_IDENTIFIER = test.test;
				PRODUCT_NAME = NowPlaying;
				SWIFT_VERSION = 5.0;
				TARGETED_DEVICE_FAMILY = "1,2";
			};
			name = Release;
		};
/* End XCBuildConfiguration section */

/* Begin XCConfigurationList section */
		038B181C23DF7A4F00E22644 /* Build configuration list for PBXProject "NowPlaying" */ = {
			isa = XCConfigurationList;
			buildConfigurations = (
				038B184C23DF7A5100E22644 /* Debug */,
				038B184D23DF7A5100E22644 /* Release */,
			);
			defaultConfigurationIsVisible = 0;
			defaultConfigurationName = Release;
		};
		038B184E23DF7A5100E22644 /* Build configuration list for PBXNativeTarget "NowPlaying" */ = {
			isa = XCConfigurationList;
			buildConfigurations = (
				038B184F23DF7A5100E22644 /* Debug */,
				038B185023DF7A5100E22644 /* Release */,
			);
			defaultConfigurationIsVisible = 0;
			defaultConfigurationName = Release;
		};
/* End XCConfigurationList section */

/* Begin XCVersionGroup section */
		038B182823DF7A5000E22644 /* test.xcdatamodeld */ = {
			isa = XCVersionGroup;
			children = (
				038B182923DF7A5000E22644 /* test.xcdatamodel */,
			);
			currentVersion = 038B182923DF7A5000E22644 /* test.xcdatamodel */;
			path = test.xcdatamodeld;
			sourceTree = "<group>";
			versionGroupType = wrapper.xcdatamodel;
		};
/* End XCVersionGroup section */
	};
	rootObject = 038B181923DF7A4F00E22644 /* Project object */;
}
